
Microsoft Visual Studio Solution File, Format Version 12.00
# Visual Studio 14
VisualStudioVersion = 14.0.24720.0
MinimumVisualStudioVersion = 10.0.40219.1
Project("{FAE04EC0-301F-11D3-BF4B-00C04F79EFBC}") = "tfgame", "tfgame\tfgame.csproj", "{99C61F7F-C8C3-48D6-A03A-ADEFFC36DE39}"
EndProject
Project("{FAE04EC0-301F-11D3-BF4B-00C04F79EFBC}") = "TT.Domain", "TT.Domain\TT.Domain.csproj", "{6A6DA43C-7502-4656-A5FD-83A0A7561246}"
EndProject
Project("{FAE04EC0-301F-11D3-BF4B-00C04F79EFBC}") = "TT.Tests", "TT.Tests\TT.Tests.csproj", "{DBFCEC04-8C92-43AB-AB33-DFE02A0A51A7}"
EndProject
Global
	GlobalSection(SolutionConfigurationPlatforms) = preSolution
		Debug|Any CPU = Debug|Any CPU
		Release|Any CPU = Release|Any CPU
	EndGlobalSection
	GlobalSection(ProjectConfigurationPlatforms) = postSolution
		{99C61F7F-C8C3-48D6-A03A-ADEFFC36DE39}.Debug|Any CPU.ActiveCfg = Debug|Any CPU
		{99C61F7F-C8C3-48D6-A03A-ADEFFC36DE39}.Debug|Any CPU.Build.0 = Debug|Any CPU
		{99C61F7F-C8C3-48D6-A03A-ADEFFC36DE39}.Release|Any CPU.ActiveCfg = Release|Any CPU
		{99C61F7F-C8C3-48D6-A03A-ADEFFC36DE39}.Release|Any CPU.Build.0 = Release|Any CPU
		{6A6DA43C-7502-4656-A5FD-83A0A7561246}.Debug|Any CPU.ActiveCfg = Debug|Any CPU
		{6A6DA43C-7502-4656-A5FD-83A0A7561246}.Debug|Any CPU.Build.0 = Debug|Any CPU
		{6A6DA43C-7502-4656-A5FD-83A0A7561246}.Release|Any CPU.ActiveCfg = Release|Any CPU
		{6A6DA43C-7502-4656-A5FD-83A0A7561246}.Release|Any CPU.Build.0 = Release|Any CPU
		{DBFCEC04-8C92-43AB-AB33-DFE02A0A51A7}.Debug|Any CPU.ActiveCfg = Debug|Any CPU
		{DBFCEC04-8C92-43AB-AB33-DFE02A0A51A7}.Debug|Any CPU.Build.0 = Debug|Any CPU
		{DBFCEC04-8C92-43AB-AB33-DFE02A0A51A7}.Release|Any CPU.ActiveCfg = Release|Any CPU
		{DBFCEC04-8C92-43AB-AB33-DFE02A0A51A7}.Release|Any CPU.Build.0 = Release|Any CPU
	EndGlobalSection
	GlobalSection(SolutionProperties) = preSolution
		HideSolutionNode = FALSE
	EndGlobalSection
EndGlobal
